{
    "_readme": [
        "This file locks the dependencies of your project to a known state",
        "Read more about it at https://getcomposer.org/doc/01-basic-usage.md#composer-lock-the-lock-file",
        "This file is @generated automatically"
    ],
    "hash": "e7bf35319086391a387adb452823f446",
    "content-hash": "925be7fa998ea5073a5067418f3040c6",
    "packages": [
        {
            "name": "mikecao/flight",
            "version": "v1.3.5",
            "source": {
                "type": "git",
                "url": "https://github.com/mikecao/flight.git",
                "reference": "e146b8c0ddbc6384c5a66f23dea71743fc282289"
            },
            "dist": {
                "type": "zip",
                "url": "https://api.github.com/repos/mikecao/flight/zipball/e146b8c0ddbc6384c5a66f23dea71743fc282289",
                "reference": "e146b8c0ddbc6384c5a66f23dea71743fc282289",
                "shasum": ""
            },
            "require": {
                "php": ">=5.3.0"
            },
            "require-dev": {
                "phpunit/phpunit": "~4.6"
            },
            "type": "library",
            "autoload": {
                "files": [
                    "flight/autoload.php",
                    "flight/Flight.php"
                ]
            },
            "notification-url": "https://packagist.org/downloads/",
            "license": [
                "MIT"
            ],
            "authors": [
                {
                    "name": "Mike Cao",
                    "email": "mike@mikecao.com",
                    "homepage": "http://www.mikecao.com/",
                    "role": "Original Developer"
                }
            ],
            "description": "Flight is a fast, simple, extensible framework for PHP. Flight enables you to quickly and easily build RESTful web applications.",
            "homepage": "http://flightphp.com",
            "time": "2017-10-20 01:46:56"
        },
        {
            "name": "mustache/mustache",
            "version": "v2.12.0",
            "source": {
                "type": "git",
                "url": "https://github.com/bobthecow/mustache.php.git",
                "reference": "fe8fe72e9d580591854de404cc59a1b83ca4d19e"
            },
            "dist": {
                "type": "zip",
                "url": "https://api.github.com/repos/bobthecow/mustache.php/zipball/fe8fe72e9d580591854de404cc59a1b83ca4d19e",
                "reference": "fe8fe72e9d580591854de404cc59a1b83ca4d19e",
                "shasum": ""
            },
            "require": {
                "php": ">=5.2.4"
            },
            "require-dev": {
                "friendsofphp/php-cs-fixer": "~1.11",
                "phpunit/phpunit": "~3.7|~4.0|~5.0"
            },
            "type": "library",
            "autoload": {
                "psr-0": {
                    "Mustache": "src/"
                }
            },
            "notification-url": "https://packagist.org/downloads/",
            "license": [
                "MIT"
            ],
            "authors": [
                {
                    "name": "Justin Hileman",
                    "email": "justin@justinhileman.info",
                    "homepage": "http://justinhileman.com"
                }
            ],
            "description": "A Mustache implementation in PHP.",
            "homepage": "https://github.com/bobthecow/mustache.php",
            "keywords": [
                "mustache",
                "templating"
            ],
            "time": "2017-07-11 12:54:05"
        },
        {
            "name": "xmeltrut/wing-commander",
            "version": "1.2.0",
            "source": {
                "type": "git",
                "url": "https://github.com/xmeltrut/WingCommander.git",
                "reference": "2562d076677765efb4896174a9c959d0f87f0f0b"
            },
            "dist": {
                "type": "zip",
                "url": "https://api.github.com/repos/xmeltrut/WingCommander/zipball/2562d076677765efb4896174a9c959d0f87f0f0b",
                "reference": "2562d076677765efb4896174a9c959d0f87f0f0b",
                "shasum": ""
            },
            "require": {
                "mikecao/flight": "*",
                "mustache/mustache": "~2.5",
                "php": ">=5.3.0"
            },
            "type": "library",
            "autoload": {
                "files": [
                    "src/WingCommander.php"
                ]
            },
            "notification-url": "https://packagist.org/downloads/",
            "license": [
                "MIT"
            ],
            "authors": [
                {
                    "name": "Chris Worfolk",
                    "email": "chris@worfolk.co.uk",
                    "homepage": "http://www.worfolk.co.uk"
                }
            ],
            "description": "Mustache template library wrapper for the Flight microframework",
            "keywords": [
                "flight",
                "microframework",
                "mustache"
            ],
            "time": "2015-12-30 21:57:39"
        }
    ],
    "packages-dev": [],
    "aliases": [],
    "minimum-stability": "stable",
    "stability-flags": [],
    "prefer-stable": false,
    "prefer-lowest": false,
    "platform": {
        "php": "5.6.*"
    },
    "platform-dev": []
}
